
Microsoft Visual Studio Solution File, Format Version 11.00
# Visual Studio 2010
Project("{8BC9CEB8-8B4A-11D0-8D11-00A0C91BC942}") = "pump_rods", "pump_rods\pump_rods.vcxproj", "{1F3EED86-738F-4A7C-8839-45F58B277AC3}"
EndProject
Project("{8BC9CEB8-8B4A-11D0-8D11-00A0C91BC942}") = "Messages", "Messages\Messages.vcxproj", "{B7A6E9E6-C793-43CE-8B89-C9F7892AF4B0}"
EndProject
Project("{8BC9CEB8-8B4A-11D0-8D11-00A0C91BC942}") = "convert", "convert\convert.vcxproj", "{CEEFEBB3-8785-4993-A921-870587047692}"
EndProject
Global
	GlobalSection(SolutionConfigurationPlatforms) = preSolution
		Debug|Win32 = Debug|Win32
		Release|Win32 = Release|Win32
	EndGlobalSection
	GlobalSection(ProjectConfigurationPlatforms) = postSolution
		{1F3EED86-738F-4A7C-8839-45F58B277AC3}.Debug|Win32.ActiveCfg = Debug|Win32
		{1F3EED86-738F-4A7C-8839-45F58B277AC3}.Debug|Win32.Build.0 = Debug|Win32
		{1F3EED86-738F-4A7C-8839-45F58B277AC3}.Release|Win32.ActiveCfg = Release|Win32
		{1F3EED86-738F-4A7C-8839-45F58B277AC3}.Release|Win32.Build.0 = Release|Win32
		{B7A6E9E6-C793-43CE-8B89-C9F7892AF4B0}.Debug|Win32.ActiveCfg = Debug|Win32
		{B7A6E9E6-C793-43CE-8B89-C9F7892AF4B0}.Debug|Win32.Build.0 = Debug|Win32
		{B7A6E9E6-C793-43CE-8B89-C9F7892AF4B0}.Release|Win32.ActiveCfg = Release|Win32
		{B7A6E9E6-C793-43CE-8B89-C9F7892AF4B0}.Release|Win32.Build.0 = Release|Win32
		{CEEFEBB3-8785-4993-A921-870587047692}.Debug|Win32.ActiveCfg = Debug|Win32
		{CEEFEBB3-8785-4993-A921-870587047692}.Debug|Win32.Build.0 = Debug|Win32
		{CEEFEBB3-8785-4993-A921-870587047692}.Release|Win32.ActiveCfg = Release|Win32
		{CEEFEBB3-8785-4993-A921-870587047692}.Release|Win32.Build.0 = Release|Win32
	EndGlobalSection
	GlobalSection(SolutionProperties) = preSolution
		HideSolutionNode = FALSE
	EndGlobalSection
EndGlobal
