<?xml version="1.0" encoding="utf-8"?>
<Project ToolsVersion="4.0" xmlns="http://schemas.microsoft.com/developer/msbuild/2003">
  <ItemGroup>
    <Filter Include="Source Files">
      <UniqueIdentifier>{4FC737F1-C7A5-4376-A066-2A32D752A2FF}</UniqueIdentifier>
      <Extensions>cpp;c;cc;cxx;def;odl;idl;hpj;bat;asm;asmx</Extensions>
    </Filter>
    <Filter Include="Header Files">
      <UniqueIdentifier>{93995380-89BD-4b04-88EB-625FBE52EBFB}</UniqueIdentifier>
      <Extensions>h;hpp;hxx;hm;inl;inc;xsd</Extensions>
    </Filter>
    <Filter Include="Resource Files">
      <UniqueIdentifier>{67DA6AB6-F800-4c08-8B7A-83BB121AAD01}</UniqueIdentifier>
      <Extensions>rc;ico;cur;bmp;dlg;rc2;rct;bin;rgs;gif;jpg;jpeg;jpe;resx;tiff;tif;png;wav;mfcribbon-ms</Extensions>
    </Filter>
    <Filter Include="App">
      <UniqueIdentifier>{70e5fca3-e7ac-4be6-8bf7-930b83bcca15}</UniqueIdentifier>
    </Filter>
    <Filter Include="Dlg">
      <UniqueIdentifier>{43f06928-918b-40e6-a638-4206718dc6a9}</UniqueIdentifier>
    </Filter>
    <Filter Include="Log">
      <UniqueIdentifier>{a6260f43-d05a-4ced-b36a-d98f49e55b35}</UniqueIdentifier>
    </Filter>
    <Filter Include="tools_debug">
      <UniqueIdentifier>{abed5aab-599d-46db-bddb-410b0e2b34ce}</UniqueIdentifier>
    </Filter>
    <Filter Include="window_tool">
      <UniqueIdentifier>{806cfa8b-f6d8-4da4-8411-2079b2a53a0f}</UniqueIdentifier>
    </Filter>
    <Filter Include="PerformanceCounter">
      <UniqueIdentifier>{82c3adbe-a2b0-4403-ba01-2d7cbed26595}</UniqueIdentifier>
    </Filter>
    <Filter Include="Windows">
      <UniqueIdentifier>{fb69e215-d831-44d2-8c7b-1cdd035fa958}</UniqueIdentifier>
    </Filter>
  </ItemGroup>
  <ItemGroup>
    <None Include="ReadMe.txt" />
  </ItemGroup>
  <ItemGroup>
    <ClInclude Include="stdafx.h">
      <Filter>Header Files</Filter>
    </ClInclude>
    <ClInclude Include="targetver.h">
      <Filter>Header Files</Filter>
    </ClInclude>
    <ClInclude Include="Resource.h">
      <Filter>Header Files</Filter>
    </ClInclude>
    <ClInclude Include="Messages.h">
      <Filter>Header Files</Filter>
    </ClInclude>
    <ClInclude Include="..\CommonApp\Log\LogBuffer.h">
      <Filter>Log</Filter>
    </ClInclude>
    <ClInclude Include="..\CommonApp\Log\LogMessages.h">
      <Filter>Log</Filter>
    </ClInclude>
    <ClInclude Include="..\Common\tools_debug\DebugMess.h">
      <Filter>tools_debug</Filter>
    </ClInclude>
    <ClInclude Include="..\Common\window_tool\CheckBoxWidget.h">
      <Filter>window_tool</Filter>
    </ClInclude>
    <ClInclude Include="..\Common\window_tool\DlgFiles.h">
      <Filter>window_tool</Filter>
    </ClInclude>
    <ClInclude Include="..\Common\window_tool\Emptywindow.h">
      <Filter>window_tool</Filter>
    </ClInclude>
    <ClInclude Include="..\Common\window_tool\GroupBox.h">
      <Filter>window_tool</Filter>
    </ClInclude>
    <ClInclude Include="..\Common\window_tool\HookKey.h">
      <Filter>window_tool</Filter>
    </ClInclude>
    <ClInclude Include="..\Common\window_tool\ItemIni.h">
      <Filter>window_tool</Filter>
    </ClInclude>
    <ClInclude Include="..\Common\window_tool\MenuAPI.h">
      <Filter>window_tool</Filter>
    </ClInclude>
    <ClInclude Include="..\Common\window_tool\Pass.h">
      <Filter>window_tool</Filter>
    </ClInclude>
    <ClInclude Include="..\Common\window_tool\WindowsPosition.h">
      <Filter>window_tool</Filter>
    </ClInclude>
    <ClInclude Include="App\App.h">
      <Filter>App</Filter>
    </ClInclude>
    <ClInclude Include="App\config.h">
      <Filter>App</Filter>
    </ClInclude>
    <ClInclude Include="Dlg\Dialogs.h">
      <Filter>Dlg</Filter>
    </ClInclude>
    <ClInclude Include="..\Common\PerformanceCounter\PerformanceCounter.h">
      <Filter>PerformanceCounter</Filter>
    </ClInclude>
    <ClInclude Include="Windows\MainWindow.h">
      <Filter>Windows</Filter>
    </ClInclude>
    <ClInclude Include="Windows\MainWindowGrid.h">
      <Filter>Windows</Filter>
    </ClInclude>
    <ClInclude Include="Windows\MainWindowMenu.hpp">
      <Filter>Windows</Filter>
    </ClInclude>
    <ClInclude Include="..\Common\window_tool\GridItems.h">
      <Filter>window_tool</Filter>
    </ClInclude>
  </ItemGroup>
  <ItemGroup>
    <ClCompile Include="stdafx.cpp">
      <Filter>Source Files</Filter>
    </ClCompile>
    <ClCompile Include="Messages.cpp">
      <Filter>Source Files</Filter>
    </ClCompile>
    <ClCompile Include="..\CommonApp\Log\LogBuffer.cpp">
      <Filter>Log</Filter>
    </ClCompile>
    <ClCompile Include="..\CommonApp\Log\LogMessages.cpp">
      <Filter>Log</Filter>
    </ClCompile>
    <ClCompile Include="..\Common\tools_debug\DebugMess.cpp">
      <Filter>tools_debug</Filter>
    </ClCompile>
    <ClCompile Include="..\Common\window_tool\DlgFiles.cpp">
      <Filter>window_tool</Filter>
    </ClCompile>
    <ClCompile Include="..\Common\window_tool\EmptyWindow.cpp">
      <Filter>window_tool</Filter>
    </ClCompile>
    <ClCompile Include="..\Common\window_tool\GroupBox.cpp">
      <Filter>window_tool</Filter>
    </ClCompile>
    <ClCompile Include="..\Common\window_tool\HookKey.cpp">
      <Filter>window_tool</Filter>
    </ClCompile>
    <ClCompile Include="..\Common\window_tool\ItemIni.cpp">
      <Filter>window_tool</Filter>
    </ClCompile>
    <ClCompile Include="..\Common\window_tool\MenuAPI.cpp">
      <Filter>window_tool</Filter>
    </ClCompile>
    <ClCompile Include="..\Common\window_tool\Pass.cpp">
      <Filter>window_tool</Filter>
    </ClCompile>
    <ClCompile Include="..\Common\window_tool\WindowsPosition.cpp">
      <Filter>window_tool</Filter>
    </ClCompile>
    <ClCompile Include="App\App.cpp">
      <Filter>App</Filter>
    </ClCompile>
    <ClCompile Include="Dlg\DlgProc.cpp">
      <Filter>Dlg</Filter>
    </ClCompile>
    <ClCompile Include="..\Common\PerformanceCounter\PerformanceCounter.cpp">
      <Filter>PerformanceCounter</Filter>
    </ClCompile>
    <ClCompile Include="Windows\MainWindow.cpp">
      <Filter>Windows</Filter>
    </ClCompile>
    <ClCompile Include="Windows\MainWindowGrid.cpp">
      <Filter>Windows</Filter>
    </ClCompile>
    <ClCompile Include="..\Common\window_tool\GridItems.cpp">
      <Filter>window_tool</Filter>
    </ClCompile>
  </ItemGroup>
  <ItemGroup>
    <ResourceCompile Include="..\Common\Resource\Resource.rc">
      <Filter>Resource Files</Filter>
    </ResourceCompile>
  </ItemGroup>
</Project>